
Microsoft Visual Studio Solution File, Format Version 12.00
# Visual Studio Version 17
VisualStudioVersion = 17.6.33712.159
MinimumVisualStudioVersion = 10.0.40219.1
Project("{9A19103F-16F7-4668-BE54-9A1E7A4F7556}") = "intro", "intro\intro.csproj", "{0E456B1E-1CBD-4C52-A5C4-986AF44CD21A}"
EndProject
Global
	GlobalSection(SolutionConfigurationPlatforms) = preSolution
		Debug|Any CPU = Debug|Any CPU
		Release|Any CPU = Release|Any CPU
	EndGlobalSection
	GlobalSection(ProjectConfigurationPlatforms) = postSolution
		{0E456B1E-1CBD-4C52-A5C4-986AF44CD21A}.Debug|Any CPU.ActiveCfg = Debug|Any CPU
		{0E456B1E-1CBD-4C52-A5C4-986AF44CD21A}.Debug|Any CPU.Build.0 = Debug|Any CPU
		{0E456B1E-1CBD-4C52-A5C4-986AF44CD21A}.Release|Any CPU.ActiveCfg = Release|Any CPU
		{0E456B1E-1CBD-4C52-A5C4-986AF44CD21A}.Release|Any CPU.Build.0 = Release|Any CPU
	EndGlobalSection
	GlobalSection(SolutionProperties) = preSolution
		HideSolutionNode = FALSE
	EndGlobalSection
	GlobalSection(ExtensibilityGlobals) = postSolution
		SolutionGuid = {C0F3A1EB-1F6B-470F-A9D6-313515FE7B26}
	EndGlobalSection
EndGlobal
